
Microsoft Visual Studio Solution File, Format Version 12.00
# Visual Studio Version 17
VisualStudioVersion = 17.4.33110.190
MinimumVisualStudioVersion = 10.0.40219.1
Project("{9A19103F-16F7-4668-BE54-9A1E7A4F7556}") = "AoC_Day_1_Calorie_Counting", "AoC_Day_1_Calorie_Counting\AoC_Day_1_Calorie_Counting.csproj", "{8F9936D7-1A1E-405F-96A3-F24CBE859037}"
EndProject
Project("{9A19103F-16F7-4668-BE54-9A1E7A4F7556}") = "AoC_day2", "AoC_day2\AoC_day2.csproj", "{8D388911-64FC-488E-9444-58EE8CA94096}"
EndProject
Project("{9A19103F-16F7-4668-BE54-9A1E7A4F7556}") = "AoC_Day3", "AoC_Day_3\AoC_Day3.csproj", "{B6210579-7FC1-41B5-BA27-41FA0458D823}"
EndProject
Project("{9A19103F-16F7-4668-BE54-9A1E7A4F7556}") = "AoC_Day4", "AoC_Day4\AoC_Day4.csproj", "{276F7197-60AF-49AC-B5AF-66A4411D0B63}"
EndProject
Project("{9A19103F-16F7-4668-BE54-9A1E7A4F7556}") = "AoC_Day5", "AoC_Day5\AoC_Day5.csproj", "{397B5BE8-0369-4AF0-91BB-633A8BFBE882}"
EndProject
Project("{FAE04EC0-301F-11D3-BF4B-00C04F79EFBC}") = "AoC_Day6", "AoC_Day6\AoC_Day6.csproj", "{83E300C9-B7B9-4A4A-B413-7A9C5902C420}"
EndProject
Global
	GlobalSection(SolutionConfigurationPlatforms) = preSolution
		Debug|Any CPU = Debug|Any CPU
		Release|Any CPU = Release|Any CPU
	EndGlobalSection
	GlobalSection(ProjectConfigurationPlatforms) = postSolution
		{8F9936D7-1A1E-405F-96A3-F24CBE859037}.Debug|Any CPU.ActiveCfg = Debug|Any CPU
		{8F9936D7-1A1E-405F-96A3-F24CBE859037}.Debug|Any CPU.Build.0 = Debug|Any CPU
		{8F9936D7-1A1E-405F-96A3-F24CBE859037}.Release|Any CPU.ActiveCfg = Release|Any CPU
		{8F9936D7-1A1E-405F-96A3-F24CBE859037}.Release|Any CPU.Build.0 = Release|Any CPU
		{8D388911-64FC-488E-9444-58EE8CA94096}.Debug|Any CPU.ActiveCfg = Debug|Any CPU
		{8D388911-64FC-488E-9444-58EE8CA94096}.Debug|Any CPU.Build.0 = Debug|Any CPU
		{8D388911-64FC-488E-9444-58EE8CA94096}.Release|Any CPU.ActiveCfg = Release|Any CPU
		{8D388911-64FC-488E-9444-58EE8CA94096}.Release|Any CPU.Build.0 = Release|Any CPU
		{B6210579-7FC1-41B5-BA27-41FA0458D823}.Debug|Any CPU.ActiveCfg = Debug|Any CPU
		{B6210579-7FC1-41B5-BA27-41FA0458D823}.Debug|Any CPU.Build.0 = Debug|Any CPU
		{B6210579-7FC1-41B5-BA27-41FA0458D823}.Release|Any CPU.ActiveCfg = Release|Any CPU
		{B6210579-7FC1-41B5-BA27-41FA0458D823}.Release|Any CPU.Build.0 = Release|Any CPU
		{276F7197-60AF-49AC-B5AF-66A4411D0B63}.Debug|Any CPU.ActiveCfg = Debug|Any CPU
		{276F7197-60AF-49AC-B5AF-66A4411D0B63}.Debug|Any CPU.Build.0 = Debug|Any CPU
		{276F7197-60AF-49AC-B5AF-66A4411D0B63}.Release|Any CPU.ActiveCfg = Release|Any CPU
		{276F7197-60AF-49AC-B5AF-66A4411D0B63}.Release|Any CPU.Build.0 = Release|Any CPU
		{397B5BE8-0369-4AF0-91BB-633A8BFBE882}.Debug|Any CPU.ActiveCfg = Debug|Any CPU
		{397B5BE8-0369-4AF0-91BB-633A8BFBE882}.Debug|Any CPU.Build.0 = Debug|Any CPU
		{397B5BE8-0369-4AF0-91BB-633A8BFBE882}.Release|Any CPU.ActiveCfg = Release|Any CPU
		{397B5BE8-0369-4AF0-91BB-633A8BFBE882}.Release|Any CPU.Build.0 = Release|Any CPU
		{83E300C9-B7B9-4A4A-B413-7A9C5902C420}.Debug|Any CPU.ActiveCfg = Debug|Any CPU
		{83E300C9-B7B9-4A4A-B413-7A9C5902C420}.Debug|Any CPU.Build.0 = Debug|Any CPU
		{83E300C9-B7B9-4A4A-B413-7A9C5902C420}.Release|Any CPU.ActiveCfg = Release|Any CPU
		{83E300C9-B7B9-4A4A-B413-7A9C5902C420}.Release|Any CPU.Build.0 = Release|Any CPU
	EndGlobalSection
	GlobalSection(SolutionProperties) = preSolution
		HideSolutionNode = FALSE
	EndGlobalSection
	GlobalSection(ExtensibilityGlobals) = postSolution
		SolutionGuid = {0ED0F8E8-A4B2-47BE-AAFD-8C4542351D4C}
	EndGlobalSection
EndGlobal
